
Microsoft Visual Studio Solution File, Format Version 12.00
# Visual Studio 15
VisualStudioVersion = 15.0.26730.15
MinimumVisualStudioVersion = 10.0.40219.1
Project("{FAE04EC0-301F-11D3-BF4B-00C04F79EFBC}") = "Slic3rSVG2Photon", "Slic3rSVG2PNG\Slic3rSVG2Photon.csproj", "{94CFEE90-8574-49B2-8AC5-8F9742EBCE9C}"
EndProject
Global
	GlobalSection(SolutionConfigurationPlatforms) = preSolution
		Debug|Any CPU = Debug|Any CPU
		Release|Any CPU = Release|Any CPU
	EndGlobalSection
	GlobalSection(ProjectConfigurationPlatforms) = postSolution
		{94CFEE90-8574-49B2-8AC5-8F9742EBCE9C}.Debug|Any CPU.ActiveCfg = Debug|Any CPU
		{94CFEE90-8574-49B2-8AC5-8F9742EBCE9C}.Debug|Any CPU.Build.0 = Debug|Any CPU
		{94CFEE90-8574-49B2-8AC5-8F9742EBCE9C}.Release|Any CPU.ActiveCfg = Release|Any CPU
		{94CFEE90-8574-49B2-8AC5-8F9742EBCE9C}.Release|Any CPU.Build.0 = Release|Any CPU
	EndGlobalSection
	GlobalSection(SolutionProperties) = preSolution
		HideSolutionNode = FALSE
	EndGlobalSection
	GlobalSection(ExtensibilityGlobals) = postSolution
		SolutionGuid = {4BECC5D3-DF7A-4C61-B9E9-6442A9B73DF3}
	EndGlobalSection
EndGlobal
